
Microsoft Visual Studio Solution File, Format Version 12.00
# Visual Studio Version 16
VisualStudioVersion = 25.0.1704.4
MinimumVisualStudioVersion = 10.0.40219.1
Project("{FAE04EC0-301F-11D3-BF4B-00C04F79EFBC}") = "CryptoStatistics.Android", "CryptoStatistics\CryptoStatistics.Android\CryptoStatistics.Android.csproj", "{5A3DCDEA-1F4F-4453-B365-744BBE0DE39A}"
EndProject
Project("{FAE04EC0-301F-11D3-BF4B-00C04F79EFBC}") = "CryptoStatistics.iOS", "CryptoStatistics\CryptoStatistics.iOS\CryptoStatistics.iOS.csproj", "{D9985201-803F-4881-A25F-7FEDEB6C299C}"
EndProject
Project("{FAE04EC0-301F-11D3-BF4B-00C04F79EFBC}") = "CryptoStatistics", "CryptoStatistics\CryptoStatistics\CryptoStatistics.csproj", "{077C436C-5A96-4D13-8EEA-8CEE82A00890}"
EndProject
Global
	GlobalSection(SolutionConfigurationPlatforms) = preSolution
		Debug|Any CPU = Debug|Any CPU
		Release|Any CPU = Release|Any CPU
		Debug|iPhoneSimulator = Debug|iPhoneSimulator
		Release|iPhoneSimulator = Release|iPhoneSimulator
		Debug|iPhone = Debug|iPhone
		Release|iPhone = Release|iPhone
	EndGlobalSection
	GlobalSection(ProjectConfigurationPlatforms) = postSolution
		{5A3DCDEA-1F4F-4453-B365-744BBE0DE39A}.Debug|Any CPU.ActiveCfg = Debug|Any CPU
		{5A3DCDEA-1F4F-4453-B365-744BBE0DE39A}.Debug|Any CPU.Build.0 = Debug|Any CPU
		{5A3DCDEA-1F4F-4453-B365-744BBE0DE39A}.Release|Any CPU.ActiveCfg = Release|Any CPU
		{5A3DCDEA-1F4F-4453-B365-744BBE0DE39A}.Release|Any CPU.Build.0 = Release|Any CPU
		{5A3DCDEA-1F4F-4453-B365-744BBE0DE39A}.Debug|iPhoneSimulator.ActiveCfg = Debug|Any CPU
		{5A3DCDEA-1F4F-4453-B365-744BBE0DE39A}.Debug|iPhoneSimulator.Build.0 = Debug|Any CPU
		{5A3DCDEA-1F4F-4453-B365-744BBE0DE39A}.Release|iPhoneSimulator.ActiveCfg = Release|Any CPU
		{5A3DCDEA-1F4F-4453-B365-744BBE0DE39A}.Release|iPhoneSimulator.Build.0 = Release|Any CPU
		{5A3DCDEA-1F4F-4453-B365-744BBE0DE39A}.Debug|iPhone.ActiveCfg = Debug|Any CPU
		{5A3DCDEA-1F4F-4453-B365-744BBE0DE39A}.Debug|iPhone.Build.0 = Debug|Any CPU
		{5A3DCDEA-1F4F-4453-B365-744BBE0DE39A}.Release|iPhone.ActiveCfg = Release|Any CPU
		{5A3DCDEA-1F4F-4453-B365-744BBE0DE39A}.Release|iPhone.Build.0 = Release|Any CPU
		{D9985201-803F-4881-A25F-7FEDEB6C299C}.Debug|Any CPU.ActiveCfg = Debug|iPhoneSimulator
		{D9985201-803F-4881-A25F-7FEDEB6C299C}.Debug|Any CPU.Build.0 = Debug|iPhoneSimulator
		{D9985201-803F-4881-A25F-7FEDEB6C299C}.Release|Any CPU.ActiveCfg = Release|iPhoneSimulator
		{D9985201-803F-4881-A25F-7FEDEB6C299C}.Release|Any CPU.Build.0 = Release|iPhoneSimulator
		{D9985201-803F-4881-A25F-7FEDEB6C299C}.Debug|iPhoneSimulator.ActiveCfg = Debug|iPhoneSimulator
		{D9985201-803F-4881-A25F-7FEDEB6C299C}.Debug|iPhoneSimulator.Build.0 = Debug|iPhoneSimulator
		{D9985201-803F-4881-A25F-7FEDEB6C299C}.Release|iPhoneSimulator.ActiveCfg = Release|iPhoneSimulator
		{D9985201-803F-4881-A25F-7FEDEB6C299C}.Release|iPhoneSimulator.Build.0 = Release|iPhoneSimulator
		{D9985201-803F-4881-A25F-7FEDEB6C299C}.Debug|iPhone.ActiveCfg = Debug|iPhone
		{D9985201-803F-4881-A25F-7FEDEB6C299C}.Debug|iPhone.Build.0 = Debug|iPhone
		{D9985201-803F-4881-A25F-7FEDEB6C299C}.Release|iPhone.ActiveCfg = Release|iPhone
		{D9985201-803F-4881-A25F-7FEDEB6C299C}.Release|iPhone.Build.0 = Release|iPhone
		{077C436C-5A96-4D13-8EEA-8CEE82A00890}.Debug|Any CPU.ActiveCfg = Debug|Any CPU
		{077C436C-5A96-4D13-8EEA-8CEE82A00890}.Debug|Any CPU.Build.0 = Debug|Any CPU
		{077C436C-5A96-4D13-8EEA-8CEE82A00890}.Release|Any CPU.ActiveCfg = Release|Any CPU
		{077C436C-5A96-4D13-8EEA-8CEE82A00890}.Release|Any CPU.Build.0 = Release|Any CPU
		{077C436C-5A96-4D13-8EEA-8CEE82A00890}.Debug|iPhoneSimulator.ActiveCfg = Debug|Any CPU
		{077C436C-5A96-4D13-8EEA-8CEE82A00890}.Debug|iPhoneSimulator.Build.0 = Debug|Any CPU
		{077C436C-5A96-4D13-8EEA-8CEE82A00890}.Release|iPhoneSimulator.ActiveCfg = Release|Any CPU
		{077C436C-5A96-4D13-8EEA-8CEE82A00890}.Release|iPhoneSimulator.Build.0 = Release|Any CPU
		{077C436C-5A96-4D13-8EEA-8CEE82A00890}.Debug|iPhone.ActiveCfg = Debug|Any CPU
		{077C436C-5A96-4D13-8EEA-8CEE82A00890}.Debug|iPhone.Build.0 = Debug|Any CPU
		{077C436C-5A96-4D13-8EEA-8CEE82A00890}.Release|iPhone.ActiveCfg = Release|Any CPU
		{077C436C-5A96-4D13-8EEA-8CEE82A00890}.Release|iPhone.Build.0 = Release|Any CPU
	EndGlobalSection
	GlobalSection(SolutionProperties) = preSolution
		HideSolutionNode = FALSE
	EndGlobalSection
	GlobalSection(ExtensibilityGlobals) = postSolution
		SolutionGuid = {FE31A502-ED6B-4A8A-9708-27C404F02D87}
	EndGlobalSection
EndGlobal
